<?xml version="1.0" encoding="utf-8"?>
<Project ToolsVersion="17.0" xmlns="http://schemas.microsoft.com/developer/msbuild/2003">
  <ItemGroup>
    <ClCompile Include="D:\Games\Red Dead Redemption\Code Red\Code_RED\data\code_red_sccl_attempt_bundle_v1\code_red_sccl_windows_build_kit_v1\output\SC-CL-master\llvm-14.0.0.src\tools\clang\tools\extra\clangd\tool\ClangdMain.cpp">
      <Filter>Source Files</Filter>
    </ClCompile>
    <ClCompile Include="D:\Games\Red Dead Redemption\Code Red\Code_RED\data\code_red_sccl_attempt_bundle_v1\code_red_sccl_windows_build_kit_v1\output\SC-CL-master\llvm-14.0.0.src\tools\clang\tools\extra\clangd\tool\Check.cpp">
      <Filter>Source Files</Filter>
    </ClCompile>
  </ItemGroup>
  <ItemGroup>
    <CustomBuild Include="D:\Games\Red Dead Redemption\Code Red\Code_RED\data\code_red_sccl_attempt_bundle_v1\code_red_sccl_windows_build_kit_v1\output\SC-CL-master\llvm-14.0.0.src\tools\clang\tools\extra\clangd\tool\CMakeLists.txt" />
  </ItemGroup>
  <ItemGroup>
    <Object Include="D:\Games\Red Dead Redemption\Code Red\Code_RED\data\code_red_sccl_attempt_bundle_v1\code_red_sccl_windows_build_kit_v1\output\sccl_cmake_build\tools\clang\tools\extra\clangd\refactor\tweaks\obj.clangDaemonTweaks.dir\$(Configuration)\AddUsing.obj">
      <Filter>Object Libraries</Filter>
    </Object>
    <Object Include="D:\Games\Red Dead Redemption\Code Red\Code_RED\data\code_red_sccl_attempt_bundle_v1\code_red_sccl_windows_build_kit_v1\output\sccl_cmake_build\tools\clang\tools\extra\clangd\refactor\tweaks\obj.clangDaemonTweaks.dir\$(Configuration)\AnnotateHighlightings.obj">
      <Filter>Object Libraries</Filter>
    </Object>
    <Object Include="D:\Games\Red Dead Redemption\Code Red\Code_RED\data\code_red_sccl_attempt_bundle_v1\code_red_sccl_windows_build_kit_v1\output\sccl_cmake_build\tools\clang\tools\extra\clangd\refactor\tweaks\obj.clangDaemonTweaks.dir\$(Configuration)\DumpAST.obj">
      <Filter>Object Libraries</Filter>
    </Object>
    <Object Include="D:\Games\Red Dead Redemption\Code Red\Code_RED\data\code_red_sccl_attempt_bundle_v1\code_red_sccl_windows_build_kit_v1\output\sccl_cmake_build\tools\clang\tools\extra\clangd\refactor\tweaks\obj.clangDaemonTweaks.dir\$(Configuration)\DefineInline.obj">
      <Filter>Object Libraries</Filter>
    </Object>
    <Object Include="D:\Games\Red Dead Redemption\Code Red\Code_RED\data\code_red_sccl_attempt_bundle_v1\code_red_sccl_windows_build_kit_v1\output\sccl_cmake_build\tools\clang\tools\extra\clangd\refactor\tweaks\obj.clangDaemonTweaks.dir\$(Configuration)\DefineOutline.obj">
      <Filter>Object Libraries</Filter>
    </Object>
    <Object Include="D:\Games\Red Dead Redemption\Code Red\Code_RED\data\code_red_sccl_attempt_bundle_v1\code_red_sccl_windows_build_kit_v1\output\sccl_cmake_build\tools\clang\tools\extra\clangd\refactor\tweaks\obj.clangDaemonTweaks.dir\$(Configuration)\ExpandAutoType.obj">
      <Filter>Object Libraries</Filter>
    </Object>
    <Object Include="D:\Games\Red Dead Redemption\Code Red\Code_RED\data\code_red_sccl_attempt_bundle_v1\code_red_sccl_windows_build_kit_v1\output\sccl_cmake_build\tools\clang\tools\extra\clangd\refactor\tweaks\obj.clangDaemonTweaks.dir\$(Configuration)\ExpandMacro.obj">
      <Filter>Object Libraries</Filter>
    </Object>
    <Object Include="D:\Games\Red Dead Redemption\Code Red\Code_RED\data\code_red_sccl_attempt_bundle_v1\code_red_sccl_windows_build_kit_v1\output\sccl_cmake_build\tools\clang\tools\extra\clangd\refactor\tweaks\obj.clangDaemonTweaks.dir\$(Configuration)\ExtractFunction.obj">
      <Filter>Object Libraries</Filter>
    </Object>
    <Object Include="D:\Games\Red Dead Redemption\Code Red\Code_RED\data\code_red_sccl_attempt_bundle_v1\code_red_sccl_windows_build_kit_v1\output\sccl_cmake_build\tools\clang\tools\extra\clangd\refactor\tweaks\obj.clangDaemonTweaks.dir\$(Configuration)\ExtractVariable.obj">
      <Filter>Object Libraries</Filter>
    </Object>
    <Object Include="D:\Games\Red Dead Redemption\Code Red\Code_RED\data\code_red_sccl_attempt_bundle_v1\code_red_sccl_windows_build_kit_v1\output\sccl_cmake_build\tools\clang\tools\extra\clangd\refactor\tweaks\obj.clangDaemonTweaks.dir\$(Configuration)\ObjCLocalizeStringLiteral.obj">
      <Filter>Object Libraries</Filter>
    </Object>
    <Object Include="D:\Games\Red Dead Redemption\Code Red\Code_RED\data\code_red_sccl_attempt_bundle_v1\code_red_sccl_windows_build_kit_v1\output\sccl_cmake_build\tools\clang\tools\extra\clangd\refactor\tweaks\obj.clangDaemonTweaks.dir\$(Configuration)\PopulateSwitch.obj">
      <Filter>Object Libraries</Filter>
    </Object>
    <Object Include="D:\Games\Red Dead Redemption\Code Red\Code_RED\data\code_red_sccl_attempt_bundle_v1\code_red_sccl_windows_build_kit_v1\output\sccl_cmake_build\tools\clang\tools\extra\clangd\refactor\tweaks\obj.clangDaemonTweaks.dir\$(Configuration)\RawStringLiteral.obj">
      <Filter>Object Libraries</Filter>
    </Object>
    <Object Include="D:\Games\Red Dead Redemption\Code Red\Code_RED\data\code_red_sccl_attempt_bundle_v1\code_red_sccl_windows_build_kit_v1\output\sccl_cmake_build\tools\clang\tools\extra\clangd\refactor\tweaks\obj.clangDaemonTweaks.dir\$(Configuration)\RemoveUsingNamespace.obj">
      <Filter>Object Libraries</Filter>
    </Object>
    <Object Include="D:\Games\Red Dead Redemption\Code Red\Code_RED\data\code_red_sccl_attempt_bundle_v1\code_red_sccl_windows_build_kit_v1\output\sccl_cmake_build\tools\clang\tools\extra\clangd\refactor\tweaks\obj.clangDaemonTweaks.dir\$(Configuration)\SwapIfBranches.obj">
      <Filter>Object Libraries</Filter>
    </Object>
  </ItemGroup>
  <ItemGroup>
    <ResourceCompile Include="D:\Games\Red Dead Redemption\Code Red\Code_RED\data\code_red_sccl_attempt_bundle_v1\code_red_sccl_windows_build_kit_v1\output\SC-CL-master\llvm-14.0.0.src\resources\windows_version_resource.rc">
      <Filter>Resource Files</Filter>
    </ResourceCompile>
  </ItemGroup>
  <ItemGroup>
    <Filter Include="Object Libraries">
      <UniqueIdentifier>{0AE485DF-7FB2-32F4-BFD2-D1CADC8CDB24}</UniqueIdentifier>
    </Filter>
    <Filter Include="Resource Files">
      <UniqueIdentifier>{3198AD8A-AA04-3A4D-84A3-8AF87059F7BB}</UniqueIdentifier>
    </Filter>
    <Filter Include="Source Files">
      <UniqueIdentifier>{539B23F3-1AA3-3AF1-906F-2169A4B62364}</UniqueIdentifier>
    </Filter>
  </ItemGroup>
</Project>
