<?xml version="1.0" encoding="utf-8"?>
<Project ToolsVersion="17.0" xmlns="http://schemas.microsoft.com/developer/msbuild/2003">
  <ItemGroup>
    <ClCompile Include="D:\Games\Red Dead Redemption\Code Red\Code_RED\data\code_red_sccl_attempt_bundle_v1\code_red_sccl_windows_build_kit_v1\output\SC-CL-master\llvm-14.0.0.src\tools\llvm-reduce\DeltaManager.cpp">
      <Filter>Source Files</Filter>
    </ClCompile>
    <ClCompile Include="D:\Games\Red Dead Redemption\Code Red\Code_RED\data\code_red_sccl_attempt_bundle_v1\code_red_sccl_windows_build_kit_v1\output\SC-CL-master\llvm-14.0.0.src\tools\llvm-reduce\ReducerWorkItem.cpp">
      <Filter>Source Files</Filter>
    </ClCompile>
    <ClCompile Include="D:\Games\Red Dead Redemption\Code Red\Code_RED\data\code_red_sccl_attempt_bundle_v1\code_red_sccl_windows_build_kit_v1\output\SC-CL-master\llvm-14.0.0.src\tools\llvm-reduce\TestRunner.cpp">
      <Filter>Source Files</Filter>
    </ClCompile>
    <ClCompile Include="D:\Games\Red Dead Redemption\Code Red\Code_RED\data\code_red_sccl_attempt_bundle_v1\code_red_sccl_windows_build_kit_v1\output\SC-CL-master\llvm-14.0.0.src\tools\llvm-reduce\deltas\Delta.cpp">
      <Filter>Source Files</Filter>
    </ClCompile>
    <ClCompile Include="D:\Games\Red Dead Redemption\Code Red\Code_RED\data\code_red_sccl_attempt_bundle_v1\code_red_sccl_windows_build_kit_v1\output\SC-CL-master\llvm-14.0.0.src\tools\llvm-reduce\deltas\ReduceAliases.cpp">
      <Filter>Source Files</Filter>
    </ClCompile>
    <ClCompile Include="D:\Games\Red Dead Redemption\Code Red\Code_RED\data\code_red_sccl_attempt_bundle_v1\code_red_sccl_windows_build_kit_v1\output\SC-CL-master\llvm-14.0.0.src\tools\llvm-reduce\deltas\ReduceArguments.cpp">
      <Filter>Source Files</Filter>
    </ClCompile>
    <ClCompile Include="D:\Games\Red Dead Redemption\Code Red\Code_RED\data\code_red_sccl_attempt_bundle_v1\code_red_sccl_windows_build_kit_v1\output\SC-CL-master\llvm-14.0.0.src\tools\llvm-reduce\deltas\ReduceAttributes.cpp">
      <Filter>Source Files</Filter>
    </ClCompile>
    <ClCompile Include="D:\Games\Red Dead Redemption\Code Red\Code_RED\data\code_red_sccl_attempt_bundle_v1\code_red_sccl_windows_build_kit_v1\output\SC-CL-master\llvm-14.0.0.src\tools\llvm-reduce\deltas\ReduceBasicBlocks.cpp">
      <Filter>Source Files</Filter>
    </ClCompile>
    <ClCompile Include="D:\Games\Red Dead Redemption\Code Red\Code_RED\data\code_red_sccl_attempt_bundle_v1\code_red_sccl_windows_build_kit_v1\output\SC-CL-master\llvm-14.0.0.src\tools\llvm-reduce\deltas\ReduceFunctionBodies.cpp">
      <Filter>Source Files</Filter>
    </ClCompile>
    <ClCompile Include="D:\Games\Red Dead Redemption\Code Red\Code_RED\data\code_red_sccl_attempt_bundle_v1\code_red_sccl_windows_build_kit_v1\output\SC-CL-master\llvm-14.0.0.src\tools\llvm-reduce\deltas\ReduceFunctions.cpp">
      <Filter>Source Files</Filter>
    </ClCompile>
    <ClCompile Include="D:\Games\Red Dead Redemption\Code Red\Code_RED\data\code_red_sccl_attempt_bundle_v1\code_red_sccl_windows_build_kit_v1\output\SC-CL-master\llvm-14.0.0.src\tools\llvm-reduce\deltas\ReduceGlobalObjects.cpp">
      <Filter>Source Files</Filter>
    </ClCompile>
    <ClCompile Include="D:\Games\Red Dead Redemption\Code Red\Code_RED\data\code_red_sccl_attempt_bundle_v1\code_red_sccl_windows_build_kit_v1\output\SC-CL-master\llvm-14.0.0.src\tools\llvm-reduce\deltas\ReduceGlobalValues.cpp">
      <Filter>Source Files</Filter>
    </ClCompile>
    <ClCompile Include="D:\Games\Red Dead Redemption\Code Red\Code_RED\data\code_red_sccl_attempt_bundle_v1\code_red_sccl_windows_build_kit_v1\output\SC-CL-master\llvm-14.0.0.src\tools\llvm-reduce\deltas\ReduceGlobalVarInitializers.cpp">
      <Filter>Source Files</Filter>
    </ClCompile>
    <ClCompile Include="D:\Games\Red Dead Redemption\Code Red\Code_RED\data\code_red_sccl_attempt_bundle_v1\code_red_sccl_windows_build_kit_v1\output\SC-CL-master\llvm-14.0.0.src\tools\llvm-reduce\deltas\ReduceGlobalVars.cpp">
      <Filter>Source Files</Filter>
    </ClCompile>
    <ClCompile Include="D:\Games\Red Dead Redemption\Code Red\Code_RED\data\code_red_sccl_attempt_bundle_v1\code_red_sccl_windows_build_kit_v1\output\SC-CL-master\llvm-14.0.0.src\tools\llvm-reduce\deltas\ReduceInstructions.cpp">
      <Filter>Source Files</Filter>
    </ClCompile>
    <ClCompile Include="D:\Games\Red Dead Redemption\Code Red\Code_RED\data\code_red_sccl_attempt_bundle_v1\code_red_sccl_windows_build_kit_v1\output\SC-CL-master\llvm-14.0.0.src\tools\llvm-reduce\deltas\ReduceMetadata.cpp">
      <Filter>Source Files</Filter>
    </ClCompile>
    <ClCompile Include="D:\Games\Red Dead Redemption\Code Red\Code_RED\data\code_red_sccl_attempt_bundle_v1\code_red_sccl_windows_build_kit_v1\output\SC-CL-master\llvm-14.0.0.src\tools\llvm-reduce\deltas\ReduceModuleData.cpp">
      <Filter>Source Files</Filter>
    </ClCompile>
    <ClCompile Include="D:\Games\Red Dead Redemption\Code Red\Code_RED\data\code_red_sccl_attempt_bundle_v1\code_red_sccl_windows_build_kit_v1\output\SC-CL-master\llvm-14.0.0.src\tools\llvm-reduce\deltas\ReduceOperandBundles.cpp">
      <Filter>Source Files</Filter>
    </ClCompile>
    <ClCompile Include="D:\Games\Red Dead Redemption\Code Red\Code_RED\data\code_red_sccl_attempt_bundle_v1\code_red_sccl_windows_build_kit_v1\output\SC-CL-master\llvm-14.0.0.src\tools\llvm-reduce\deltas\ReduceSpecialGlobals.cpp">
      <Filter>Source Files</Filter>
    </ClCompile>
    <ClCompile Include="D:\Games\Red Dead Redemption\Code Red\Code_RED\data\code_red_sccl_attempt_bundle_v1\code_red_sccl_windows_build_kit_v1\output\SC-CL-master\llvm-14.0.0.src\tools\llvm-reduce\deltas\ReduceOperands.cpp">
      <Filter>Source Files</Filter>
    </ClCompile>
    <ClCompile Include="D:\Games\Red Dead Redemption\Code Red\Code_RED\data\code_red_sccl_attempt_bundle_v1\code_red_sccl_windows_build_kit_v1\output\SC-CL-master\llvm-14.0.0.src\tools\llvm-reduce\deltas\ReduceOperandsSkip.cpp">
      <Filter>Source Files</Filter>
    </ClCompile>
    <ClCompile Include="D:\Games\Red Dead Redemption\Code Red\Code_RED\data\code_red_sccl_attempt_bundle_v1\code_red_sccl_windows_build_kit_v1\output\SC-CL-master\llvm-14.0.0.src\tools\llvm-reduce\deltas\ReduceOperandsToArgs.cpp">
      <Filter>Source Files</Filter>
    </ClCompile>
    <ClCompile Include="D:\Games\Red Dead Redemption\Code Red\Code_RED\data\code_red_sccl_attempt_bundle_v1\code_red_sccl_windows_build_kit_v1\output\SC-CL-master\llvm-14.0.0.src\tools\llvm-reduce\deltas\ReduceInstructionsMIR.cpp">
      <Filter>Source Files</Filter>
    </ClCompile>
    <ClCompile Include="D:\Games\Red Dead Redemption\Code Red\Code_RED\data\code_red_sccl_attempt_bundle_v1\code_red_sccl_windows_build_kit_v1\output\SC-CL-master\llvm-14.0.0.src\tools\llvm-reduce\llvm-reduce.cpp">
      <Filter>Source Files</Filter>
    </ClCompile>
  </ItemGroup>
  <ItemGroup>
    <ClInclude Include="D:\Games\Red Dead Redemption\Code Red\Code_RED\data\code_red_sccl_attempt_bundle_v1\code_red_sccl_windows_build_kit_v1\output\SC-CL-master\llvm-14.0.0.src\tools\llvm-reduce\DeltaManager.h">
      <Filter>Header Files</Filter>
    </ClInclude>
    <ClInclude Include="D:\Games\Red Dead Redemption\Code Red\Code_RED\data\code_red_sccl_attempt_bundle_v1\code_red_sccl_windows_build_kit_v1\output\SC-CL-master\llvm-14.0.0.src\tools\llvm-reduce\ReducerWorkItem.h">
      <Filter>Header Files</Filter>
    </ClInclude>
    <ClInclude Include="D:\Games\Red Dead Redemption\Code Red\Code_RED\data\code_red_sccl_attempt_bundle_v1\code_red_sccl_windows_build_kit_v1\output\SC-CL-master\llvm-14.0.0.src\tools\llvm-reduce\TestRunner.h">
      <Filter>Header Files</Filter>
    </ClInclude>
  </ItemGroup>
  <ItemGroup>
    <CustomBuild Include="D:\Games\Red Dead Redemption\Code Red\Code_RED\data\code_red_sccl_attempt_bundle_v1\code_red_sccl_windows_build_kit_v1\output\SC-CL-master\llvm-14.0.0.src\tools\llvm-reduce\CMakeLists.txt" />
  </ItemGroup>
  <ItemGroup>
    <ResourceCompile Include="D:\Games\Red Dead Redemption\Code Red\Code_RED\data\code_red_sccl_attempt_bundle_v1\code_red_sccl_windows_build_kit_v1\output\SC-CL-master\llvm-14.0.0.src\resources\windows_version_resource.rc">
      <Filter>Resource Files</Filter>
    </ResourceCompile>
  </ItemGroup>
  <ItemGroup>
    <Filter Include="Header Files">
      <UniqueIdentifier>{2646F2BE-B953-3110-BE77-E73A9667C1AB}</UniqueIdentifier>
    </Filter>
    <Filter Include="Resource Files">
      <UniqueIdentifier>{3198AD8A-AA04-3A4D-84A3-8AF87059F7BB}</UniqueIdentifier>
    </Filter>
    <Filter Include="Source Files">
      <UniqueIdentifier>{539B23F3-1AA3-3AF1-906F-2169A4B62364}</UniqueIdentifier>
    </Filter>
  </ItemGroup>
</Project>
