<?xml version="1.0" encoding="utf-8"?>
<Project ToolsVersion="17.0" xmlns="http://schemas.microsoft.com/developer/msbuild/2003">
  <ItemGroup>
    <CustomBuild Include="D:\Games\Red Dead Redemption\Code Red\Code_RED\data\code_red_sccl_attempt_bundle_v1\code_red_sccl_windows_build_kit_v1\output\sccl_cmake_build\CMakeFiles\df6cbc33911e1955fd837a5da44a3a1e\Attributes.inc.rule">
      <Filter>CMake Rules</Filter>
    </CustomBuild>
    <CustomBuild Include="D:\Games\Red Dead Redemption\Code Red\Code_RED\data\code_red_sccl_attempt_bundle_v1\code_red_sccl_windows_build_kit_v1\output\sccl_cmake_build\CMakeFiles\df6cbc33911e1955fd837a5da44a3a1e\IntrinsicEnums.inc.rule">
      <Filter>CMake Rules</Filter>
    </CustomBuild>
    <CustomBuild Include="D:\Games\Red Dead Redemption\Code Red\Code_RED\data\code_red_sccl_attempt_bundle_v1\code_red_sccl_windows_build_kit_v1\output\sccl_cmake_build\CMakeFiles\df6cbc33911e1955fd837a5da44a3a1e\IntrinsicImpl.inc.rule">
      <Filter>CMake Rules</Filter>
    </CustomBuild>
    <CustomBuild Include="D:\Games\Red Dead Redemption\Code Red\Code_RED\data\code_red_sccl_attempt_bundle_v1\code_red_sccl_windows_build_kit_v1\output\sccl_cmake_build\CMakeFiles\df6cbc33911e1955fd837a5da44a3a1e\IntrinsicsAArch64.h.rule">
      <Filter>CMake Rules</Filter>
    </CustomBuild>
    <CustomBuild Include="D:\Games\Red Dead Redemption\Code Red\Code_RED\data\code_red_sccl_attempt_bundle_v1\code_red_sccl_windows_build_kit_v1\output\sccl_cmake_build\CMakeFiles\df6cbc33911e1955fd837a5da44a3a1e\IntrinsicsAMDGPU.h.rule">
      <Filter>CMake Rules</Filter>
    </CustomBuild>
    <CustomBuild Include="D:\Games\Red Dead Redemption\Code Red\Code_RED\data\code_red_sccl_attempt_bundle_v1\code_red_sccl_windows_build_kit_v1\output\sccl_cmake_build\CMakeFiles\df6cbc33911e1955fd837a5da44a3a1e\IntrinsicsARM.h.rule">
      <Filter>CMake Rules</Filter>
    </CustomBuild>
    <CustomBuild Include="D:\Games\Red Dead Redemption\Code Red\Code_RED\data\code_red_sccl_attempt_bundle_v1\code_red_sccl_windows_build_kit_v1\output\sccl_cmake_build\CMakeFiles\df6cbc33911e1955fd837a5da44a3a1e\IntrinsicsBPF.h.rule">
      <Filter>CMake Rules</Filter>
    </CustomBuild>
    <CustomBuild Include="D:\Games\Red Dead Redemption\Code Red\Code_RED\data\code_red_sccl_attempt_bundle_v1\code_red_sccl_windows_build_kit_v1\output\sccl_cmake_build\CMakeFiles\df6cbc33911e1955fd837a5da44a3a1e\IntrinsicsHexagon.h.rule">
      <Filter>CMake Rules</Filter>
    </CustomBuild>
    <CustomBuild Include="D:\Games\Red Dead Redemption\Code Red\Code_RED\data\code_red_sccl_attempt_bundle_v1\code_red_sccl_windows_build_kit_v1\output\sccl_cmake_build\CMakeFiles\df6cbc33911e1955fd837a5da44a3a1e\IntrinsicsMips.h.rule">
      <Filter>CMake Rules</Filter>
    </CustomBuild>
    <CustomBuild Include="D:\Games\Red Dead Redemption\Code Red\Code_RED\data\code_red_sccl_attempt_bundle_v1\code_red_sccl_windows_build_kit_v1\output\sccl_cmake_build\CMakeFiles\df6cbc33911e1955fd837a5da44a3a1e\IntrinsicsNVPTX.h.rule">
      <Filter>CMake Rules</Filter>
    </CustomBuild>
    <CustomBuild Include="D:\Games\Red Dead Redemption\Code Red\Code_RED\data\code_red_sccl_attempt_bundle_v1\code_red_sccl_windows_build_kit_v1\output\sccl_cmake_build\CMakeFiles\df6cbc33911e1955fd837a5da44a3a1e\IntrinsicsPowerPC.h.rule">
      <Filter>CMake Rules</Filter>
    </CustomBuild>
    <CustomBuild Include="D:\Games\Red Dead Redemption\Code Red\Code_RED\data\code_red_sccl_attempt_bundle_v1\code_red_sccl_windows_build_kit_v1\output\sccl_cmake_build\CMakeFiles\df6cbc33911e1955fd837a5da44a3a1e\IntrinsicsR600.h.rule">
      <Filter>CMake Rules</Filter>
    </CustomBuild>
    <CustomBuild Include="D:\Games\Red Dead Redemption\Code Red\Code_RED\data\code_red_sccl_attempt_bundle_v1\code_red_sccl_windows_build_kit_v1\output\sccl_cmake_build\CMakeFiles\df6cbc33911e1955fd837a5da44a3a1e\IntrinsicsRISCV.h.rule">
      <Filter>CMake Rules</Filter>
    </CustomBuild>
    <CustomBuild Include="D:\Games\Red Dead Redemption\Code Red\Code_RED\data\code_red_sccl_attempt_bundle_v1\code_red_sccl_windows_build_kit_v1\output\sccl_cmake_build\CMakeFiles\df6cbc33911e1955fd837a5da44a3a1e\IntrinsicsS390.h.rule">
      <Filter>CMake Rules</Filter>
    </CustomBuild>
    <CustomBuild Include="D:\Games\Red Dead Redemption\Code Red\Code_RED\data\code_red_sccl_attempt_bundle_v1\code_red_sccl_windows_build_kit_v1\output\sccl_cmake_build\CMakeFiles\df6cbc33911e1955fd837a5da44a3a1e\IntrinsicsVE.h.rule">
      <Filter>CMake Rules</Filter>
    </CustomBuild>
    <CustomBuild Include="D:\Games\Red Dead Redemption\Code Red\Code_RED\data\code_red_sccl_attempt_bundle_v1\code_red_sccl_windows_build_kit_v1\output\sccl_cmake_build\CMakeFiles\df6cbc33911e1955fd837a5da44a3a1e\IntrinsicsWebAssembly.h.rule">
      <Filter>CMake Rules</Filter>
    </CustomBuild>
    <CustomBuild Include="D:\Games\Red Dead Redemption\Code Red\Code_RED\data\code_red_sccl_attempt_bundle_v1\code_red_sccl_windows_build_kit_v1\output\sccl_cmake_build\CMakeFiles\df6cbc33911e1955fd837a5da44a3a1e\IntrinsicsX86.h.rule">
      <Filter>CMake Rules</Filter>
    </CustomBuild>
    <CustomBuild Include="D:\Games\Red Dead Redemption\Code Red\Code_RED\data\code_red_sccl_attempt_bundle_v1\code_red_sccl_windows_build_kit_v1\output\sccl_cmake_build\CMakeFiles\df6cbc33911e1955fd837a5da44a3a1e\IntrinsicsXCore.h.rule">
      <Filter>CMake Rules</Filter>
    </CustomBuild>
    <CustomBuild Include="D:\Games\Red Dead Redemption\Code Red\Code_RED\data\code_red_sccl_attempt_bundle_v1\code_red_sccl_windows_build_kit_v1\output\sccl_cmake_build\CMakeFiles\f4610153c208c8dcb0f7ca4c211bab12\intrinsics_gen.rule">
      <Filter>CMake Rules</Filter>
    </CustomBuild>
    <CustomBuild Include="D:\Games\Red Dead Redemption\Code Red\Code_RED\data\code_red_sccl_attempt_bundle_v1\code_red_sccl_windows_build_kit_v1\output\SC-CL-master\llvm-14.0.0.src\include\llvm\IR\CMakeLists.txt" />
  </ItemGroup>
  <ItemGroup>
    <None Include="D:\Games\Red Dead Redemption\Code Red\Code_RED\data\code_red_sccl_attempt_bundle_v1\code_red_sccl_windows_build_kit_v1\output\sccl_cmake_build\include\llvm\IR\CMakeFiles\intrinsics_gen" />
  </ItemGroup>
  <ItemGroup>
    <Filter Include="CMake Rules">
      <UniqueIdentifier>{49840027-7838-3936-B392-4968A3A35582}</UniqueIdentifier>
    </Filter>
  </ItemGroup>
</Project>
