<?xml version="1.0" encoding="utf-8"?>
<Project ToolsVersion="17.0" xmlns="http://schemas.microsoft.com/developer/msbuild/2003">
  <ItemGroup>
    <CustomBuild Include="D:\Games\Red Dead Redemption\Code Red\Code_RED\data\code_red_sccl_attempt_bundle_v1\code_red_sccl_windows_build_kit_v1\output\SC-CL-master\llvm-14.0.0.src\utils\TableGen\CMakeLists.txt" />
  </ItemGroup>
  <ItemGroup>
    <Object Include="D:\Games\Red Dead Redemption\Code Red\Code_RED\data\code_red_sccl_attempt_bundle_v1\code_red_sccl_windows_build_kit_v1\output\sccl_cmake_build\utils\TableGen\obj.llvm-tblgen.dir\$(Configuration)\AsmMatcherEmitter.obj">
      <Filter>Object Libraries</Filter>
    </Object>
    <Object Include="D:\Games\Red Dead Redemption\Code Red\Code_RED\data\code_red_sccl_attempt_bundle_v1\code_red_sccl_windows_build_kit_v1\output\sccl_cmake_build\utils\TableGen\obj.llvm-tblgen.dir\$(Configuration)\AsmWriterEmitter.obj">
      <Filter>Object Libraries</Filter>
    </Object>
    <Object Include="D:\Games\Red Dead Redemption\Code Red\Code_RED\data\code_red_sccl_attempt_bundle_v1\code_red_sccl_windows_build_kit_v1\output\sccl_cmake_build\utils\TableGen\obj.llvm-tblgen.dir\$(Configuration)\AsmWriterInst.obj">
      <Filter>Object Libraries</Filter>
    </Object>
    <Object Include="D:\Games\Red Dead Redemption\Code Red\Code_RED\data\code_red_sccl_attempt_bundle_v1\code_red_sccl_windows_build_kit_v1\output\sccl_cmake_build\utils\TableGen\obj.llvm-tblgen.dir\$(Configuration)\Attributes.obj">
      <Filter>Object Libraries</Filter>
    </Object>
    <Object Include="D:\Games\Red Dead Redemption\Code Red\Code_RED\data\code_red_sccl_attempt_bundle_v1\code_red_sccl_windows_build_kit_v1\output\sccl_cmake_build\utils\TableGen\obj.llvm-tblgen.dir\$(Configuration)\CallingConvEmitter.obj">
      <Filter>Object Libraries</Filter>
    </Object>
    <Object Include="D:\Games\Red Dead Redemption\Code Red\Code_RED\data\code_red_sccl_attempt_bundle_v1\code_red_sccl_windows_build_kit_v1\output\sccl_cmake_build\utils\TableGen\obj.llvm-tblgen.dir\$(Configuration)\CodeBeadsGen.obj">
      <Filter>Object Libraries</Filter>
    </Object>
    <Object Include="D:\Games\Red Dead Redemption\Code Red\Code_RED\data\code_red_sccl_attempt_bundle_v1\code_red_sccl_windows_build_kit_v1\output\sccl_cmake_build\utils\TableGen\obj.llvm-tblgen.dir\$(Configuration)\CodeEmitterGen.obj">
      <Filter>Object Libraries</Filter>
    </Object>
    <Object Include="D:\Games\Red Dead Redemption\Code Red\Code_RED\data\code_red_sccl_attempt_bundle_v1\code_red_sccl_windows_build_kit_v1\output\sccl_cmake_build\utils\TableGen\obj.llvm-tblgen.dir\$(Configuration)\CodeGenDAGPatterns.obj">
      <Filter>Object Libraries</Filter>
    </Object>
    <Object Include="D:\Games\Red Dead Redemption\Code Red\Code_RED\data\code_red_sccl_attempt_bundle_v1\code_red_sccl_windows_build_kit_v1\output\sccl_cmake_build\utils\TableGen\obj.llvm-tblgen.dir\$(Configuration)\CodeGenHwModes.obj">
      <Filter>Object Libraries</Filter>
    </Object>
    <Object Include="D:\Games\Red Dead Redemption\Code Red\Code_RED\data\code_red_sccl_attempt_bundle_v1\code_red_sccl_windows_build_kit_v1\output\sccl_cmake_build\utils\TableGen\obj.llvm-tblgen.dir\$(Configuration)\CodeGenInstruction.obj">
      <Filter>Object Libraries</Filter>
    </Object>
    <Object Include="D:\Games\Red Dead Redemption\Code Red\Code_RED\data\code_red_sccl_attempt_bundle_v1\code_red_sccl_windows_build_kit_v1\output\sccl_cmake_build\utils\TableGen\obj.llvm-tblgen.dir\$(Configuration)\CodeGenMapTable.obj">
      <Filter>Object Libraries</Filter>
    </Object>
    <Object Include="D:\Games\Red Dead Redemption\Code Red\Code_RED\data\code_red_sccl_attempt_bundle_v1\code_red_sccl_windows_build_kit_v1\output\sccl_cmake_build\utils\TableGen\obj.llvm-tblgen.dir\$(Configuration)\CodeGenRegisters.obj">
      <Filter>Object Libraries</Filter>
    </Object>
    <Object Include="D:\Games\Red Dead Redemption\Code Red\Code_RED\data\code_red_sccl_attempt_bundle_v1\code_red_sccl_windows_build_kit_v1\output\sccl_cmake_build\utils\TableGen\obj.llvm-tblgen.dir\$(Configuration)\CodeGenSchedule.obj">
      <Filter>Object Libraries</Filter>
    </Object>
    <Object Include="D:\Games\Red Dead Redemption\Code Red\Code_RED\data\code_red_sccl_attempt_bundle_v1\code_red_sccl_windows_build_kit_v1\output\sccl_cmake_build\utils\TableGen\obj.llvm-tblgen.dir\$(Configuration)\CodeGenTarget.obj">
      <Filter>Object Libraries</Filter>
    </Object>
    <Object Include="D:\Games\Red Dead Redemption\Code Red\Code_RED\data\code_red_sccl_attempt_bundle_v1\code_red_sccl_windows_build_kit_v1\output\sccl_cmake_build\utils\TableGen\obj.llvm-tblgen.dir\$(Configuration)\DAGISelEmitter.obj">
      <Filter>Object Libraries</Filter>
    </Object>
    <Object Include="D:\Games\Red Dead Redemption\Code Red\Code_RED\data\code_red_sccl_attempt_bundle_v1\code_red_sccl_windows_build_kit_v1\output\sccl_cmake_build\utils\TableGen\obj.llvm-tblgen.dir\$(Configuration)\DAGISelMatcherEmitter.obj">
      <Filter>Object Libraries</Filter>
    </Object>
    <Object Include="D:\Games\Red Dead Redemption\Code Red\Code_RED\data\code_red_sccl_attempt_bundle_v1\code_red_sccl_windows_build_kit_v1\output\sccl_cmake_build\utils\TableGen\obj.llvm-tblgen.dir\$(Configuration)\DAGISelMatcherGen.obj">
      <Filter>Object Libraries</Filter>
    </Object>
    <Object Include="D:\Games\Red Dead Redemption\Code Red\Code_RED\data\code_red_sccl_attempt_bundle_v1\code_red_sccl_windows_build_kit_v1\output\sccl_cmake_build\utils\TableGen\obj.llvm-tblgen.dir\$(Configuration)\DAGISelMatcherOpt.obj">
      <Filter>Object Libraries</Filter>
    </Object>
    <Object Include="D:\Games\Red Dead Redemption\Code Red\Code_RED\data\code_red_sccl_attempt_bundle_v1\code_red_sccl_windows_build_kit_v1\output\sccl_cmake_build\utils\TableGen\obj.llvm-tblgen.dir\$(Configuration)\DAGISelMatcher.obj">
      <Filter>Object Libraries</Filter>
    </Object>
    <Object Include="D:\Games\Red Dead Redemption\Code Red\Code_RED\data\code_red_sccl_attempt_bundle_v1\code_red_sccl_windows_build_kit_v1\output\sccl_cmake_build\utils\TableGen\obj.llvm-tblgen.dir\$(Configuration)\DFAEmitter.obj">
      <Filter>Object Libraries</Filter>
    </Object>
    <Object Include="D:\Games\Red Dead Redemption\Code Red\Code_RED\data\code_red_sccl_attempt_bundle_v1\code_red_sccl_windows_build_kit_v1\output\sccl_cmake_build\utils\TableGen\obj.llvm-tblgen.dir\$(Configuration)\DFAPacketizerEmitter.obj">
      <Filter>Object Libraries</Filter>
    </Object>
    <Object Include="D:\Games\Red Dead Redemption\Code Red\Code_RED\data\code_red_sccl_attempt_bundle_v1\code_red_sccl_windows_build_kit_v1\output\sccl_cmake_build\utils\TableGen\obj.llvm-tblgen.dir\$(Configuration)\DirectiveEmitter.obj">
      <Filter>Object Libraries</Filter>
    </Object>
    <Object Include="D:\Games\Red Dead Redemption\Code Red\Code_RED\data\code_red_sccl_attempt_bundle_v1\code_red_sccl_windows_build_kit_v1\output\sccl_cmake_build\utils\TableGen\obj.llvm-tblgen.dir\$(Configuration)\DisassemblerEmitter.obj">
      <Filter>Object Libraries</Filter>
    </Object>
    <Object Include="D:\Games\Red Dead Redemption\Code Red\Code_RED\data\code_red_sccl_attempt_bundle_v1\code_red_sccl_windows_build_kit_v1\output\sccl_cmake_build\utils\TableGen\obj.llvm-tblgen.dir\$(Configuration)\ExegesisEmitter.obj">
      <Filter>Object Libraries</Filter>
    </Object>
    <Object Include="D:\Games\Red Dead Redemption\Code Red\Code_RED\data\code_red_sccl_attempt_bundle_v1\code_red_sccl_windows_build_kit_v1\output\sccl_cmake_build\utils\TableGen\obj.llvm-tblgen.dir\$(Configuration)\FastISelEmitter.obj">
      <Filter>Object Libraries</Filter>
    </Object>
    <Object Include="D:\Games\Red Dead Redemption\Code Red\Code_RED\data\code_red_sccl_attempt_bundle_v1\code_red_sccl_windows_build_kit_v1\output\sccl_cmake_build\utils\TableGen\obj.llvm-tblgen.dir\$(Configuration)\FixedLenDecoderEmitter.obj">
      <Filter>Object Libraries</Filter>
    </Object>
    <Object Include="D:\Games\Red Dead Redemption\Code Red\Code_RED\data\code_red_sccl_attempt_bundle_v1\code_red_sccl_windows_build_kit_v1\output\sccl_cmake_build\utils\TableGen\obj.llvm-tblgen.dir\$(Configuration)\GICombinerEmitter.obj">
      <Filter>Object Libraries</Filter>
    </Object>
    <Object Include="D:\Games\Red Dead Redemption\Code Red\Code_RED\data\code_red_sccl_attempt_bundle_v1\code_red_sccl_windows_build_kit_v1\output\sccl_cmake_build\utils\TableGen\obj.llvm-tblgen.dir\$(Configuration)\GlobalISelEmitter.obj">
      <Filter>Object Libraries</Filter>
    </Object>
    <Object Include="D:\Games\Red Dead Redemption\Code Red\Code_RED\data\code_red_sccl_attempt_bundle_v1\code_red_sccl_windows_build_kit_v1\output\sccl_cmake_build\utils\TableGen\obj.llvm-tblgen.dir\$(Configuration)\InfoByHwMode.obj">
      <Filter>Object Libraries</Filter>
    </Object>
    <Object Include="D:\Games\Red Dead Redemption\Code Red\Code_RED\data\code_red_sccl_attempt_bundle_v1\code_red_sccl_windows_build_kit_v1\output\sccl_cmake_build\utils\TableGen\obj.llvm-tblgen.dir\$(Configuration)\InstrInfoEmitter.obj">
      <Filter>Object Libraries</Filter>
    </Object>
    <Object Include="D:\Games\Red Dead Redemption\Code Red\Code_RED\data\code_red_sccl_attempt_bundle_v1\code_red_sccl_windows_build_kit_v1\output\sccl_cmake_build\utils\TableGen\obj.llvm-tblgen.dir\$(Configuration)\InstrDocsEmitter.obj">
      <Filter>Object Libraries</Filter>
    </Object>
    <Object Include="D:\Games\Red Dead Redemption\Code Red\Code_RED\data\code_red_sccl_attempt_bundle_v1\code_red_sccl_windows_build_kit_v1\output\sccl_cmake_build\utils\TableGen\obj.llvm-tblgen.dir\$(Configuration)\IntrinsicEmitter.obj">
      <Filter>Object Libraries</Filter>
    </Object>
    <Object Include="D:\Games\Red Dead Redemption\Code Red\Code_RED\data\code_red_sccl_attempt_bundle_v1\code_red_sccl_windows_build_kit_v1\output\sccl_cmake_build\utils\TableGen\obj.llvm-tblgen.dir\$(Configuration)\OptEmitter.obj">
      <Filter>Object Libraries</Filter>
    </Object>
    <Object Include="D:\Games\Red Dead Redemption\Code Red\Code_RED\data\code_red_sccl_attempt_bundle_v1\code_red_sccl_windows_build_kit_v1\output\sccl_cmake_build\utils\TableGen\obj.llvm-tblgen.dir\$(Configuration)\OptParserEmitter.obj">
      <Filter>Object Libraries</Filter>
    </Object>
    <Object Include="D:\Games\Red Dead Redemption\Code Red\Code_RED\data\code_red_sccl_attempt_bundle_v1\code_red_sccl_windows_build_kit_v1\output\sccl_cmake_build\utils\TableGen\obj.llvm-tblgen.dir\$(Configuration)\OptRSTEmitter.obj">
      <Filter>Object Libraries</Filter>
    </Object>
    <Object Include="D:\Games\Red Dead Redemption\Code Red\Code_RED\data\code_red_sccl_attempt_bundle_v1\code_red_sccl_windows_build_kit_v1\output\sccl_cmake_build\utils\TableGen\obj.llvm-tblgen.dir\$(Configuration)\PredicateExpander.obj">
      <Filter>Object Libraries</Filter>
    </Object>
    <Object Include="D:\Games\Red Dead Redemption\Code Red\Code_RED\data\code_red_sccl_attempt_bundle_v1\code_red_sccl_windows_build_kit_v1\output\sccl_cmake_build\utils\TableGen\obj.llvm-tblgen.dir\$(Configuration)\PseudoLoweringEmitter.obj">
      <Filter>Object Libraries</Filter>
    </Object>
    <Object Include="D:\Games\Red Dead Redemption\Code Red\Code_RED\data\code_red_sccl_attempt_bundle_v1\code_red_sccl_windows_build_kit_v1\output\sccl_cmake_build\utils\TableGen\obj.llvm-tblgen.dir\$(Configuration)\CompressInstEmitter.obj">
      <Filter>Object Libraries</Filter>
    </Object>
    <Object Include="D:\Games\Red Dead Redemption\Code Red\Code_RED\data\code_red_sccl_attempt_bundle_v1\code_red_sccl_windows_build_kit_v1\output\sccl_cmake_build\utils\TableGen\obj.llvm-tblgen.dir\$(Configuration)\RegisterBankEmitter.obj">
      <Filter>Object Libraries</Filter>
    </Object>
    <Object Include="D:\Games\Red Dead Redemption\Code Red\Code_RED\data\code_red_sccl_attempt_bundle_v1\code_red_sccl_windows_build_kit_v1\output\sccl_cmake_build\utils\TableGen\obj.llvm-tblgen.dir\$(Configuration)\RegisterInfoEmitter.obj">
      <Filter>Object Libraries</Filter>
    </Object>
    <Object Include="D:\Games\Red Dead Redemption\Code Red\Code_RED\data\code_red_sccl_attempt_bundle_v1\code_red_sccl_windows_build_kit_v1\output\sccl_cmake_build\utils\TableGen\obj.llvm-tblgen.dir\$(Configuration)\SDNodeProperties.obj">
      <Filter>Object Libraries</Filter>
    </Object>
    <Object Include="D:\Games\Red Dead Redemption\Code Red\Code_RED\data\code_red_sccl_attempt_bundle_v1\code_red_sccl_windows_build_kit_v1\output\sccl_cmake_build\utils\TableGen\obj.llvm-tblgen.dir\$(Configuration)\SearchableTableEmitter.obj">
      <Filter>Object Libraries</Filter>
    </Object>
    <Object Include="D:\Games\Red Dead Redemption\Code Red\Code_RED\data\code_red_sccl_attempt_bundle_v1\code_red_sccl_windows_build_kit_v1\output\sccl_cmake_build\utils\TableGen\obj.llvm-tblgen.dir\$(Configuration)\SubtargetEmitter.obj">
      <Filter>Object Libraries</Filter>
    </Object>
    <Object Include="D:\Games\Red Dead Redemption\Code Red\Code_RED\data\code_red_sccl_attempt_bundle_v1\code_red_sccl_windows_build_kit_v1\output\sccl_cmake_build\utils\TableGen\obj.llvm-tblgen.dir\$(Configuration)\SubtargetFeatureInfo.obj">
      <Filter>Object Libraries</Filter>
    </Object>
    <Object Include="D:\Games\Red Dead Redemption\Code Red\Code_RED\data\code_red_sccl_attempt_bundle_v1\code_red_sccl_windows_build_kit_v1\output\sccl_cmake_build\utils\TableGen\obj.llvm-tblgen.dir\$(Configuration)\TableGen.obj">
      <Filter>Object Libraries</Filter>
    </Object>
    <Object Include="D:\Games\Red Dead Redemption\Code Red\Code_RED\data\code_red_sccl_attempt_bundle_v1\code_red_sccl_windows_build_kit_v1\output\sccl_cmake_build\utils\TableGen\obj.llvm-tblgen.dir\$(Configuration)\Types.obj">
      <Filter>Object Libraries</Filter>
    </Object>
    <Object Include="D:\Games\Red Dead Redemption\Code Red\Code_RED\data\code_red_sccl_attempt_bundle_v1\code_red_sccl_windows_build_kit_v1\output\sccl_cmake_build\utils\TableGen\obj.llvm-tblgen.dir\$(Configuration)\X86DisassemblerTables.obj">
      <Filter>Object Libraries</Filter>
    </Object>
    <Object Include="D:\Games\Red Dead Redemption\Code Red\Code_RED\data\code_red_sccl_attempt_bundle_v1\code_red_sccl_windows_build_kit_v1\output\sccl_cmake_build\utils\TableGen\obj.llvm-tblgen.dir\$(Configuration)\X86EVEX2VEXTablesEmitter.obj">
      <Filter>Object Libraries</Filter>
    </Object>
    <Object Include="D:\Games\Red Dead Redemption\Code Red\Code_RED\data\code_red_sccl_attempt_bundle_v1\code_red_sccl_windows_build_kit_v1\output\sccl_cmake_build\utils\TableGen\obj.llvm-tblgen.dir\$(Configuration)\X86FoldTablesEmitter.obj">
      <Filter>Object Libraries</Filter>
    </Object>
    <Object Include="D:\Games\Red Dead Redemption\Code Red\Code_RED\data\code_red_sccl_attempt_bundle_v1\code_red_sccl_windows_build_kit_v1\output\sccl_cmake_build\utils\TableGen\obj.llvm-tblgen.dir\$(Configuration)\X86ModRMFilters.obj">
      <Filter>Object Libraries</Filter>
    </Object>
    <Object Include="D:\Games\Red Dead Redemption\Code Red\Code_RED\data\code_red_sccl_attempt_bundle_v1\code_red_sccl_windows_build_kit_v1\output\sccl_cmake_build\utils\TableGen\obj.llvm-tblgen.dir\$(Configuration)\X86RecognizableInstr.obj">
      <Filter>Object Libraries</Filter>
    </Object>
    <Object Include="D:\Games\Red Dead Redemption\Code Red\Code_RED\data\code_red_sccl_attempt_bundle_v1\code_red_sccl_windows_build_kit_v1\output\sccl_cmake_build\utils\TableGen\obj.llvm-tblgen.dir\$(Configuration)\WebAssemblyDisassemblerEmitter.obj">
      <Filter>Object Libraries</Filter>
    </Object>
    <Object Include="D:\Games\Red Dead Redemption\Code Red\Code_RED\data\code_red_sccl_attempt_bundle_v1\code_red_sccl_windows_build_kit_v1\output\sccl_cmake_build\utils\TableGen\obj.llvm-tblgen.dir\$(Configuration)\CTagsEmitter.obj">
      <Filter>Object Libraries</Filter>
    </Object>
  </ItemGroup>
  <ItemGroup>
    <ResourceCompile Include="D:\Games\Red Dead Redemption\Code Red\Code_RED\data\code_red_sccl_attempt_bundle_v1\code_red_sccl_windows_build_kit_v1\output\SC-CL-master\llvm-14.0.0.src\resources\windows_version_resource.rc">
      <Filter>Resource Files</Filter>
    </ResourceCompile>
  </ItemGroup>
  <ItemGroup>
    <Filter Include="Object Libraries">
      <UniqueIdentifier>{0AE485DF-7FB2-32F4-BFD2-D1CADC8CDB24}</UniqueIdentifier>
    </Filter>
    <Filter Include="Resource Files">
      <UniqueIdentifier>{3198AD8A-AA04-3A4D-84A3-8AF87059F7BB}</UniqueIdentifier>
    </Filter>
  </ItemGroup>
</Project>
