<?xml version="1.0" encoding="utf-8"?>
<Project ToolsVersion="17.0" xmlns="http://schemas.microsoft.com/developer/msbuild/2003">
  <ItemGroup>
    <CustomBuild Include="D:\Games\Red Dead Redemption\Code Red\Code_RED\data\code_red_sccl_attempt_bundle_v1\code_red_sccl_windows_build_kit_v1\output\sccl_cmake_build\CMakeFiles\904d99a0f617ef79f162b4c3bc2a7de8\Opts.inc.rule">
      <Filter>CMake Rules</Filter>
    </CustomBuild>
    <CustomBuild Include="D:\Games\Red Dead Redemption\Code Red\Code_RED\data\code_red_sccl_attempt_bundle_v1\code_red_sccl_windows_build_kit_v1\output\sccl_cmake_build\CMakeFiles\4f67658bb0afaf8542710ae1a89ca1bb\CxxfiltOptsTableGen.rule">
      <Filter>CMake Rules</Filter>
    </CustomBuild>
    <CustomBuild Include="D:\Games\Red Dead Redemption\Code Red\Code_RED\data\code_red_sccl_attempt_bundle_v1\code_red_sccl_windows_build_kit_v1\output\SC-CL-master\llvm-14.0.0.src\tools\llvm-cxxfilt\CMakeLists.txt" />
  </ItemGroup>
  <ItemGroup>
    <None Include="D:\Games\Red Dead Redemption\Code Red\Code_RED\data\code_red_sccl_attempt_bundle_v1\code_red_sccl_windows_build_kit_v1\output\sccl_cmake_build\tools\llvm-cxxfilt\CMakeFiles\CxxfiltOptsTableGen" />
  </ItemGroup>
  <ItemGroup>
    <Filter Include="CMake Rules">
      <UniqueIdentifier>{49840027-7838-3936-B392-4968A3A35582}</UniqueIdentifier>
    </Filter>
  </ItemGroup>
</Project>
