<?xml version="1.0" encoding="utf-8"?>
<Project ToolsVersion="17.0" xmlns="http://schemas.microsoft.com/developer/msbuild/2003">
  <ItemGroup>
    <CustomBuild Include="D:\Games\Red Dead Redemption\Code Red\Code_RED\data\code_red_sccl_attempt_bundle_v1\code_red_sccl_windows_build_kit_v1\output\sccl_cmake_build\CMakeFiles\486f91765ef267267b0687dbe89cab02\PACKAGE_force.rule">
      <Filter>CMake Rules</Filter>
    </CustomBuild>
  </ItemGroup>
  <ItemGroup>
    <Filter Include="CMake Rules">
      <UniqueIdentifier>{49840027-7838-3936-B392-4968A3A35582}</UniqueIdentifier>
    </Filter>
  </ItemGroup>
</Project>
